
Microsoft Visual Studio Solution File, Format Version 12.00
Project("{FAE04EC0-301F-11D3-BF4B-00C04F79EFBC}") = "SpecialtyCoffeeShop", "SpecialtyCoffeeShop\SpecialtyCoffeeShop.csproj", "{4051D6C4-1648-4AF1-80C7-D0E37977AD8D}"
EndProject
Project("{FAE04EC0-301F-11D3-BF4B-00C04F79EFBC}") = "SpecialtyCoffeeShop.Data", "SpecialtyCoffeeShop.Data\SpecialtyCoffeeShop.Data.csproj", "{571A8646-3405-4F80-8B37-4C1DEBF97362}"
EndProject
Global
	GlobalSection(SolutionConfigurationPlatforms) = preSolution
		Debug|Any CPU = Debug|Any CPU
		Release|Any CPU = Release|Any CPU
	EndGlobalSection
	GlobalSection(ProjectConfigurationPlatforms) = postSolution
		{4051D6C4-1648-4AF1-80C7-D0E37977AD8D}.Debug|Any CPU.ActiveCfg = Debug|Any CPU
		{4051D6C4-1648-4AF1-80C7-D0E37977AD8D}.Debug|Any CPU.Build.0 = Debug|Any CPU
		{4051D6C4-1648-4AF1-80C7-D0E37977AD8D}.Release|Any CPU.ActiveCfg = Release|Any CPU
		{4051D6C4-1648-4AF1-80C7-D0E37977AD8D}.Release|Any CPU.Build.0 = Release|Any CPU
		{571A8646-3405-4F80-8B37-4C1DEBF97362}.Debug|Any CPU.ActiveCfg = Debug|Any CPU
		{571A8646-3405-4F80-8B37-4C1DEBF97362}.Debug|Any CPU.Build.0 = Debug|Any CPU
		{571A8646-3405-4F80-8B37-4C1DEBF97362}.Release|Any CPU.ActiveCfg = Release|Any CPU
		{571A8646-3405-4F80-8B37-4C1DEBF97362}.Release|Any CPU.Build.0 = Release|Any CPU
	EndGlobalSection
EndGlobal
